{
  "name": "resonantdao-contribution-economy-docs",
  "lockfileVersion": 3,
  "requires": true,
  "packages": {
    "": {
      "name": "resonantdao-contribution-economy-docs",
      "dependencies": {
        "bpmn-moddle": "^10.2.0"
      }
    },
    "node_modules/bpmn-moddle": {
      "version": "10.2.0",
      "resolved": "https://registry.npmjs.org/bpmn-moddle/-/bpmn-moddle-10.2.0.tgz",
      "integrity": "sha512-rjPr+hvh43DH9BXUHnXHVNcILYJbZ4rJdYY0GRV7ve99MURNjpIp/mCL8UJSz923uXJ4Doa/bEgBEsG01fPoYQ==",
      "license": "MIT",
      "dependencies": {
        "min-dash": "^5.1.0",
        "moddle": "^8.2.1",
        "moddle-xml": "^12.2.0"
      },
      "engines": {
        "node": ">= 20.12"
      }
    },
    "node_modules/min-dash": {
      "version": "5.1.0",
      "resolved": "https://registry.npmjs.org/min-dash/-/min-dash-5.1.0.tgz",
      "integrity": "sha512-HAvN6XzmCQj+js43G9sJRRw8kj/7DvoxN7qhoIN9Xo5ZN1NMljtpyKs/NunXmw0QSWwlgZzNv6tLeEa4xaZ0tg==",
      "license": "MIT"
    },
    "node_modules/moddle": {
      "version": "8.2.1",
      "resolved": "https://registry.npmjs.org/moddle/-/moddle-8.2.1.tgz",
      "integrity": "sha512-20qzO/ZpMGO9j9gdQgXk9bfGxb9wA3JKnGth/21YZKODLrZE4RW/uVMIL5pTskYm34Z61DucBEPkq93qByNsBQ==",
      "license": "MIT",
      "dependencies": {
        "min-dash": "^5.1.0"
      }
    },
    "node_modules/moddle-xml": {
      "version": "12.2.0",
      "resolved": "https://registry.npmjs.org/moddle-xml/-/moddle-xml-12.2.0.tgz",
      "integrity": "sha512-kqjdAod5n2v3IVJGudJKRUa1PU/p8GpIb0HbfbVXCppt/MEHtRs+Qi/Q3KTy31JbZCUF9L36mY4wUx7PqqMX4g==",
      "license": "MIT",
      "dependencies": {
        "min-dash": "^5.1.0",
        "saxen": "^11.1.0"
      },
      "engines": {
        "node": ">= 18"
      },
      "peerDependencies": {
        "moddle": ">= 6.2.0"
      }
    },
    "node_modules/saxen": {
      "version": "11.1.1",
      "resolved": "https://registry.npmjs.org/saxen/-/saxen-11.1.1.tgz",
      "integrity": "sha512-J4BkmJFaM7VgE7pgkFGsNEcqqM3h7+Mz80vfLWFhx7uNOCOXIu6LLjQHYWNejdst3pf/3JUaBIG9+pkk1umlow==",
      "license": "MIT",
      "engines": {
        "node": ">= 20.12"
      }
    }
  }
}
